// !$*UTF8*$!
{
	archiveVersion = 1;
	classes = {
	};
	objectVersion = 77;
	objects = {

/* Begin PBXBuildFile section */
		019129372FABD02B00FFE48B /* main.swift in Sources */ = {isa = PBXBuildFile; fileRef = 018C3B0D2F42114F001BB78F /* main.swift */; };
		01ABF1292FBA68F7006487AA /* App.swift in Sources */ = {isa = PBXBuildFile; fileRef = 01ABF11C2FBA68F7006487AA /* App.swift */; };
		01ABF12A2FBA68F7006487AA /* Author.swift in Sources */ = {isa = PBXBuildFile; fileRef = 01ABF11D2FBA68F7006487AA /* Author.swift */; };
		01ABF12C2FBA68F7006487AA /* Comment.swift in Sources */ = {isa = PBXBuildFile; fileRef = 01ABF11F2FBA68F7006487AA /* Comment.swift */; };
		01ABF12F2FBA68F7006487AA /* MainScreen.swift in Sources */ = {isa = PBXBuildFile; fileRef = 01ABF1222FBA68F7006487AA /* MainScreen.swift */; };
		01ABF1312FBA68F7006487AA /* Screen.swift in Sources */ = {isa = PBXBuildFile; fileRef = 01ABF1242FBA68F7006487AA /* Screen.swift */; };
		01ABF1322FBA68F7006487AA /* Setting.swift in Sources */ = {isa = PBXBuildFile; fileRef = 01ABF1252FBA68F7006487AA /* Setting.swift */; };
		01ABF1332FBA68F7006487AA /* Theme.swift in Sources */ = {isa = PBXBuildFile; fileRef = 01ABF1262FBA68F7006487AA /* Theme.swift */; };
		01ABF1342FBA68F7006487AA /* Video.swift in Sources */ = {isa = PBXBuildFile; fileRef = 01ABF1272FBA68F7006487AA /* Video.swift */; };
		01ABF1352FBA68F7006487AA /* VideoScreen.swift in Sources */ = {isa = PBXBuildFile; fileRef = 01ABF1282FBA68F7006487AA /* VideoScreen.swift */; };
/* End PBXBuildFile section */

/* Begin PBXCopyFilesBuildPhase section */
		018C3AB62F3CC816001BB78F /* CopyFiles */ = {
			isa = PBXCopyFilesBuildPhase;
			buildActionMask = 2147483647;
			dstPath = /usr/share/man/man1/;
			dstSubfolderSpec = 0;
			files = (
			);
			runOnlyForDeploymentPostprocessing = 1;
		};
/* End PBXCopyFilesBuildPhase section */

/* Begin PBXFileReference section */
		018C3AB82F3CC816001BB78F /* SwiftBasic */ = {isa = PBXFileReference; explicitFileType = "compiled.mach-o.executable"; includeInIndex = 0; path = SwiftBasic; sourceTree = BUILT_PRODUCTS_DIR; };
		018C3B0D2F42114F001BB78F /* main.swift */ = {isa = PBXFileReference; lastKnownFileType = sourcecode.swift; path = main.swift; sourceTree = "<group>"; };
		01ABF11C2FBA68F7006487AA /* App.swift */ = {isa = PBXFileReference; lastKnownFileType = sourcecode.swift; path = App.swift; sourceTree = "<group>"; };
		01ABF11D2FBA68F7006487AA /* Author.swift */ = {isa = PBXFileReference; lastKnownFileType = sourcecode.swift; path = Author.swift; sourceTree = "<group>"; };
		01ABF11F2FBA68F7006487AA /* Comment.swift */ = {isa = PBXFileReference; lastKnownFileType = sourcecode.swift; path = Comment.swift; sourceTree = "<group>"; };
		01ABF1222FBA68F7006487AA /* MainScreen.swift */ = {isa = PBXFileReference; lastKnownFileType = sourcecode.swift; path = MainScreen.swift; sourceTree = "<group>"; };
		01ABF1242FBA68F7006487AA /* Screen.swift */ = {isa = PBXFileReference; lastKnownFileType = sourcecode.swift; path = Screen.swift; sourceTree = "<group>"; };
		01ABF1252FBA68F7006487AA /* Setting.swift */ = {isa = PBXFileReference; lastKnownFileType = sourcecode.swift; path = Setting.swift; sourceTree = "<group>"; };
		01ABF1262FBA68F7006487AA /* Theme.swift */ = {isa = PBXFileReference; lastKnownFileType = sourcecode.swift; path = Theme.swift; sourceTree = "<group>"; };
		01ABF1272FBA68F7006487AA /* Video.swift */ = {isa = PBXFileReference; lastKnownFileType = sourcecode.swift; path = Video.swift; sourceTree = "<group>"; };
		01ABF1282FBA68F7006487AA /* VideoScreen.swift */ = {isa = PBXFileReference; lastKnownFileType = sourcecode.swift; path = VideoScreen.swift; sourceTree = "<group>"; };
/* End PBXFileReference section */

/* Begin PBXFileSystemSynchronizedRootGroup section */
		0153B75F2F430F6300B35D17 /* Theory */ = {
			isa = PBXFileSystemSynchronizedRootGroup;
			path = Theory;
			sourceTree = "<group>";
		};
		018C3ABA2F3CC816001BB78F /* SwiftBasic */ = {
			isa = PBXFileSystemSynchronizedRootGroup;
			path = SwiftBasic;
			sourceTree = "<group>";
		};
		018C3B062F420C19001BB78F /* Practice */ = {
			isa = PBXFileSystemSynchronizedRootGroup;
			path = Practice;
			sourceTree = "<group>";
		};
/* End PBXFileSystemSynchronizedRootGroup section */

/* Begin PBXFrameworksBuildPhase section */
		018C3AB52F3CC816001BB78F /* Frameworks */ = {
			isa = PBXFrameworksBuildPhase;
			buildActionMask = 2147483647;
			files = (
			);
			runOnlyForDeploymentPostprocessing = 0;
		};
/* End PBXFrameworksBuildPhase section */

/* Begin PBXGroup section */
		018C3AAF2F3CC816001BB78F = {
			isa = PBXGroup;
			children = (
				018C3B0D2F42114F001BB78F /* main.swift */,
				018C3B062F420C19001BB78F /* Practice */,
				01ABF13B2FBB5C6F006487AA /* Youtube */,
				0153B75F2F430F6300B35D17 /* Theory */,
				018C3ABA2F3CC816001BB78F /* SwiftBasic */,
				018C3AB92F3CC816001BB78F /* Products */,
			);
			sourceTree = "<group>";
		};
		018C3AB92F3CC816001BB78F /* Products */ = {
			isa = PBXGroup;
			children = (
				018C3AB82F3CC816001BB78F /* SwiftBasic */,
			);
			name = Products;
			sourceTree = "<group>";
		};
		01ABF13B2FBB5C6F006487AA /* Youtube */ = {
			isa = PBXGroup;
			children = (
				01ABF11F2FBA68F7006487AA /* Comment.swift */,
				01ABF11D2FBA68F7006487AA /* Author.swift */,
				01ABF11C2FBA68F7006487AA /* App.swift */,
				01ABF1272FBA68F7006487AA /* Video.swift */,
				01ABF1242FBA68F7006487AA /* Screen.swift */,
				01ABF1222FBA68F7006487AA /* MainScreen.swift */,
				01ABF1282FBA68F7006487AA /* VideoScreen.swift */,
				01ABF1262FBA68F7006487AA /* Theme.swift */,
				01ABF1252FBA68F7006487AA /* Setting.swift */,
			);
			path = Youtube;
			sourceTree = "<group>";
		};
/* End PBXGroup section */

/* Begin PBXNativeTarget section */
		018C3AB72F3CC816001BB78F /* SwiftBasic */ = {
			isa = PBXNativeTarget;
			buildConfigurationList = 018C3ABF2F3CC816001BB78F /* Build configuration list for PBXNativeTarget "SwiftBasic" */;
			buildPhases = (
				018C3AB52F3CC816001BB78F /* Frameworks */,
				018C3AB62F3CC816001BB78F /* CopyFiles */,
				019129342FABD02200FFE48B /* Sources */,
			);
			buildRules = (
			);
			dependencies = (
			);
			fileSystemSynchronizedGroups = (
				0153B75F2F430F6300B35D17 /* Theory */,
				018C3ABA2F3CC816001BB78F /* SwiftBasic */,
				018C3B062F420C19001BB78F /* Practice */,
			);
			name = SwiftBasic;
			packageProductDependencies = (
			);
			productName = SwiftBasic;
			productReference = 018C3AB82F3CC816001BB78F /* SwiftBasic */;
			productType = "com.apple.product-type.tool";
		};
/* End PBXNativeTarget section */

/* Begin PBXProject section */
		018C3AB02F3CC816001BB78F /* Project object */ = {
			isa = PBXProject;
			attributes = {
				BuildIndependentTargetsInParallel = 1;
				LastSwiftUpdateCheck = 2620;
				LastUpgradeCheck = 2620;
				TargetAttributes = {
					018C3AB72F3CC816001BB78F = {
						CreatedOnToolsVersion = 26.2;
					};
				};
			};
			buildConfigurationList = 018C3AB32F3CC816001BB78F /* Build configuration list for PBXProject "iOS101" */;
			developmentRegion = en;
			hasScannedForEncodings = 0;
			knownRegions = (
				en,
				Base,
			);
			mainGroup = 018C3AAF2F3CC816001BB78F;
			minimizedProjectReferenceProxies = 1;
			preferredProjectObjectVersion = 77;
			productRefGroup = 018C3AB92F3CC816001BB78F /* Products */;
			projectDirPath = "";
			projectRoot = "";
			targets = (
				018C3AB72F3CC816001BB78F /* SwiftBasic */,
			);
		};
/* End PBXProject section */

/* Begin PBXSourcesBuildPhase section */
		019129342FABD02200FFE48B /* Sources */ = {
			isa = PBXSourcesBuildPhase;
			buildActionMask = 2147483647;
			files = (
				01ABF1292FBA68F7006487AA /* App.swift in Sources */,
				01ABF12A2FBA68F7006487AA /* Author.swift in Sources */,
				01ABF12C2FBA68F7006487AA /* Comment.swift in Sources */,
				01ABF12F2FBA68F7006487AA /* MainScreen.swift in Sources */,
				01ABF1312FBA68F7006487AA /* Screen.swift in Sources */,
				01ABF1322FBA68F7006487AA /* Setting.swift in Sources */,
				01ABF1332FBA68F7006487AA /* Theme.swift in Sources */,
				01ABF1342FBA68F7006487AA /* Video.swift in Sources */,
				01ABF1352FBA68F7006487AA /* VideoScreen.swift in Sources */,
				019129372FABD02B00FFE48B /* main.swift in Sources */,
			);
			runOnlyForDeploymentPostprocessing = 0;
		};
/* End PBXSourcesBuildPhase section */

/* Begin XCBuildConfiguration section */
		018C3ABD2F3CC816001BB78F /* Debug */ = {
			isa = XCBuildConfiguration;
			buildSettings = {
				ALWAYS_SEARCH_USER_PATHS = NO;
				ASSETCATALOG_COMPILER_GENERATE_SWIFT_ASSET_SYMBOL_EXTENSIONS = YES;
				CLANG_ANALYZER_NONNULL = YES;
				CLANG_ANALYZER_NUMBER_OBJECT_CONVERSION = YES_AGGRESSIVE;
				CLANG_CXX_LANGUAGE_STANDARD = "gnu++20";
				CLANG_ENABLE_MODULES = YES;
				CLANG_ENABLE_OBJC_ARC = YES;
				CLANG_ENABLE_OBJC_WEAK = YES;
				CLANG_WARN_BLOCK_CAPTURE_AUTORELEASING = YES;
				CLANG_WARN_BOOL_CONVERSION = YES;
				CLANG_WARN_COMMA = YES;
				CLANG_WARN_CONSTANT_CONVERSION = YES;
				CLANG_WARN_DEPRECATED_OBJC_IMPLEMENTATIONS = YES;
				CLANG_WARN_DIRECT_OBJC_ISA_USAGE = YES_ERROR;
				CLANG_WARN_DOCUMENTATION_COMMENTS = YES;
				CLANG_WARN_EMPTY_BODY = YES;
				CLANG_WARN_ENUM_CONVERSION = YES;
				CLANG_WARN_INFINITE_RECURSION = YES;
				CLANG_WARN_INT_CONVERSION = YES;
				CLANG_WARN_NON_LITERAL_NULL_CONVERSION = YES;
				CLANG_WARN_OBJC_IMPLICIT_RETAIN_SELF = YES;
				CLANG_WARN_OBJC_LITERAL_CONVERSION = YES;
				CLANG_WARN_OBJC_ROOT_CLASS = YES_ERROR;
				CLANG_WARN_QUOTED_INCLUDE_IN_FRAMEWORK_HEADER = YES;
				CLANG_WARN_RANGE_LOOP_ANALYSIS = YES;
				CLANG_WARN_STRICT_PROTOTYPES = YES;
				CLANG_WARN_SUSPICIOUS_MOVE = YES;
				CLANG_WARN_UNGUARDED_AVAILABILITY = YES_AGGRESSIVE;
				CLANG_WARN_UNREACHABLE_CODE = YES;
				CLANG_WARN__DUPLICATE_METHOD_MATCH = YES;
				COPY_PHASE_STRIP = NO;
				DEBUG_INFORMATION_FORMAT = dwarf;
				DEVELOPMENT_TEAM = 888FB37N4Q;
				ENABLE_STRICT_OBJC_MSGSEND = YES;
				ENABLE_TESTABILITY = YES;
				ENABLE_USER_SCRIPT_SANDBOXING = YES;
				GCC_C_LANGUAGE_STANDARD = gnu17;
				GCC_DYNAMIC_NO_PIC = NO;
				GCC_NO_COMMON_BLOCKS = YES;
				GCC_OPTIMIZATION_LEVEL = 0;
				GCC_PREPROCESSOR_DEFINITIONS = (
					"DEBUG=1",
					"$(inherited)",
				);
				GCC_WARN_64_TO_32_BIT_CONVERSION = YES;
				GCC_WARN_ABOUT_RETURN_TYPE = YES_ERROR;
				GCC_WARN_UNDECLARED_SELECTOR = YES;
				GCC_WARN_UNINITIALIZED_AUTOS = YES_AGGRESSIVE;
				GCC_WARN_UNUSED_FUNCTION = YES;
				GCC_WARN_UNUSED_VARIABLE = YES;
				LOCALIZATION_PREFERS_STRING_CATALOGS = YES;
				MACOSX_DEPLOYMENT_TARGET = 26.2;
				MTL_ENABLE_DEBUG_INFO = INCLUDE_SOURCE;
				MTL_FAST_MATH = YES;
				ONLY_ACTIVE_ARCH = YES;
				SDKROOT = macosx;
				SWIFT_ACTIVE_COMPILATION_CONDITIONS = "DEBUG $(inherited)";
				SWIFT_OPTIMIZATION_LEVEL = "-Onone";
			};
			name = Debug;
		};
		018C3ABE2F3CC816001BB78F /* Release */ = {
			isa = XCBuildConfiguration;
			buildSettings = {
				ALWAYS_SEARCH_USER_PATHS = NO;
				ASSETCATALOG_COMPILER_GENERATE_SWIFT_ASSET_SYMBOL_EXTENSIONS = YES;
				CLANG_ANALYZER_NONNULL = YES;
				CLANG_ANALYZER_NUMBER_OBJECT_CONVERSION = YES_AGGRESSIVE;
				CLANG_CXX_LANGUAGE_STANDARD = "gnu++20";
				CLANG_ENABLE_MODULES = YES;
				CLANG_ENABLE_OBJC_ARC = YES;
				CLANG_ENABLE_OBJC_WEAK = YES;
				CLANG_WARN_BLOCK_CAPTURE_AUTORELEASING = YES;
				CLANG_WARN_BOOL_CONVERSION = YES;
				CLANG_WARN_COMMA = YES;
				CLANG_WARN_CONSTANT_CONVERSION = YES;
				CLANG_WARN_DEPRECATED_OBJC_IMPLEMENTATIONS = YES;
				CLANG_WARN_DIRECT_OBJC_ISA_USAGE = YES_ERROR;
				CLANG_WARN_DOCUMENTATION_COMMENTS = YES;
				CLANG_WARN_EMPTY_BODY = YES;
				CLANG_WARN_ENUM_CONVERSION = YES;
				CLANG_WARN_INFINITE_RECURSION = YES;
				CLANG_WARN_INT_CONVERSION = YES;
				CLANG_WARN_NON_LITERAL_NULL_CONVERSION = YES;
				CLANG_WARN_OBJC_IMPLICIT_RETAIN_SELF = YES;
				CLANG_WARN_OBJC_LITERAL_CONVERSION = YES;
				CLANG_WARN_OBJC_ROOT_CLASS = YES_ERROR;
				CLANG_WARN_QUOTED_INCLUDE_IN_FRAMEWORK_HEADER = YES;
				CLANG_WARN_RANGE_LOOP_ANALYSIS = YES;
				CLANG_WARN_STRICT_PROTOTYPES = YES;
				CLANG_WARN_SUSPICIOUS_MOVE = YES;
				CLANG_WARN_UNGUARDED_AVAILABILITY = YES_AGGRESSIVE;
				CLANG_WARN_UNREACHABLE_CODE = YES;
				CLANG_WARN__DUPLICATE_METHOD_MATCH = YES;
				COPY_PHASE_STRIP = NO;
				DEBUG_INFORMATION_FORMAT = "dwarf-with-dsym";
				DEVELOPMENT_TEAM = 888FB37N4Q;
				ENABLE_NS_ASSERTIONS = NO;
				ENABLE_STRICT_OBJC_MSGSEND = YES;
				ENABLE_USER_SCRIPT_SANDBOXING = YES;
				GCC_C_LANGUAGE_STANDARD = gnu17;
				GCC_NO_COMMON_BLOCKS = YES;
				GCC_WARN_64_TO_32_BIT_CONVERSION = YES;
				GCC_WARN_ABOUT_RETURN_TYPE = YES_ERROR;
				GCC_WARN_UNDECLARED_SELECTOR = YES;
				GCC_WARN_UNINITIALIZED_AUTOS = YES_AGGRESSIVE;
				GCC_WARN_UNUSED_FUNCTION = YES;
				GCC_WARN_UNUSED_VARIABLE = YES;
				LOCALIZATION_PREFERS_STRING_CATALOGS = YES;
				MACOSX_DEPLOYMENT_TARGET = 26.2;
				MTL_ENABLE_DEBUG_INFO = NO;
				MTL_FAST_MATH = YES;
				SDKROOT = macosx;
				SWIFT_COMPILATION_MODE = wholemodule;
			};
			name = Release;
		};
		018C3AC02F3CC816001BB78F /* Debug */ = {
			isa = XCBuildConfiguration;
			buildSettings = {
				CODE_SIGN_STYLE = Automatic;
				DEVELOPMENT_TEAM = 888FB37N4Q;
				ENABLE_HARDENED_RUNTIME = YES;
				PRODUCT_NAME = "$(TARGET_NAME)";
				SWIFT_APPROACHABLE_CONCURRENCY = YES;
				SWIFT_UPCOMING_FEATURE_MEMBER_IMPORT_VISIBILITY = YES;
				SWIFT_VERSION = 5.0;
			};
			name = Debug;
		};
		018C3AC12F3CC816001BB78F /* Release */ = {
			isa = XCBuildConfiguration;
			buildSettings = {
				CODE_SIGN_STYLE = Automatic;
				DEVELOPMENT_TEAM = 888FB37N4Q;
				ENABLE_HARDENED_RUNTIME = YES;
				PRODUCT_NAME = "$(TARGET_NAME)";
				SWIFT_APPROACHABLE_CONCURRENCY = YES;
				SWIFT_UPCOMING_FEATURE_MEMBER_IMPORT_VISIBILITY = YES;
				SWIFT_VERSION = 5.0;
			};
			name = Release;
		};
/* End XCBuildConfiguration section */

/* Begin XCConfigurationList section */
		018C3AB32F3CC816001BB78F /* Build configuration list for PBXProject "iOS101" */ = {
			isa = XCConfigurationList;
			buildConfigurations = (
				018C3ABD2F3CC816001BB78F /* Debug */,
				018C3ABE2F3CC816001BB78F /* Release */,
			);
			defaultConfigurationIsVisible = 0;
			defaultConfigurationName = Release;
		};
		018C3ABF2F3CC816001BB78F /* Build configuration list for PBXNativeTarget "SwiftBasic" */ = {
			isa = XCConfigurationList;
			buildConfigurations = (
				018C3AC02F3CC816001BB78F /* Debug */,
				018C3AC12F3CC816001BB78F /* Release */,
			);
			defaultConfigurationIsVisible = 0;
			defaultConfigurationName = Release;
		};
/* End XCConfigurationList section */
	};
	rootObject = 018C3AB02F3CC816001BB78F /* Project object */;
}
